
Microsoft Visual Studio Solution File, Format Version 12.00
# Visual Studio 14
VisualStudioVersion = 14.0.24720.0
MinimumVisualStudioVersion = 10.0.40219.1
Project("{FAE04EC0-301F-11D3-BF4B-00C04F79EFBC}") = "Excel Rules", "ConsoleApplication1\Excel Rules.csproj", "{D112E58D-A789-485C-8414-80FDD4D81B72}"
EndProject
Global
	GlobalSection(SolutionConfigurationPlatforms) = preSolution
		Debug|Any CPU = Debug|Any CPU
		Release|Any CPU = Release|Any CPU
	EndGlobalSection
	GlobalSection(ProjectConfigurationPlatforms) = postSolution
		{D112E58D-A789-485C-8414-80FDD4D81B72}.Debug|Any CPU.ActiveCfg = Debug|Any CPU
		{D112E58D-A789-485C-8414-80FDD4D81B72}.Debug|Any CPU.Build.0 = Debug|Any CPU
		{D112E58D-A789-485C-8414-80FDD4D81B72}.Release|Any CPU.ActiveCfg = Release|Any CPU
		{D112E58D-A789-485C-8414-80FDD4D81B72}.Release|Any CPU.Build.0 = Release|Any CPU
	EndGlobalSection
	GlobalSection(SolutionProperties) = preSolution
		HideSolutionNode = FALSE
	EndGlobalSection
EndGlobal
